// !$*UTF8*$!
{
	archiveVersion = 1;
	classes = {
	};
	objectVersion = 56;
	objects = {

/* Begin PBXBuildFile section */
		3C1F6F5B299DF44700C326DE /* AppDelegate.swift in Sources */ = {isa = PBXBuildFile; fileRef = 3C1F6F5A299DF44700C326DE /* AppDelegate.swift */; };
		3C1F6F5D299DF44700C326DE /* SceneDelegate.swift in Sources */ = {isa = PBXBuildFile; fileRef = 3C1F6F5C299DF44700C326DE /* SceneDelegate.swift */; };
		3C1F6F5F299DF44700C326DE /* ViewController.swift in Sources */ = {isa = PBXBuildFile; fileRef = 3C1F6F5E299DF44700C326DE /* ViewController.swift */; };
		3C1F6F62299DF44700C326DE /* Main.storyboard in Resources */ = {isa = PBXBuildFile; fileRef = 3C1F6F60299DF44700C326DE /* Main.storyboard */; };
		3C1F6F64299DF44800C326DE /* Assets.xcassets in Resources */ = {isa = PBXBuildFile; fileRef = 3C1F6F63299DF44800C326DE /* Assets.xcassets */; };
		3C1F6F67299DF44800C326DE /* LaunchScreen.storyboard in Resources */ = {isa = PBXBuildFile; fileRef = 3C1F6F65299DF44800C326DE /* LaunchScreen.storyboard */; };
		3C1F6F72299DF44800C326DE /* CounterTests.swift in Sources */ = {isa = PBXBuildFile; fileRef = 3C1F6F71299DF44800C326DE /* CounterTests.swift */; };
		3C1F6F7C299DF44800C326DE /* CounterUITests.swift in Sources */ = {isa = PBXBuildFile; fileRef = 3C1F6F7B299DF44800C326DE /* CounterUITests.swift */; };
		3C1F6F7E299DF44800C326DE /* CounterUITestsLaunchTests.swift in Sources */ = {isa = PBXBuildFile; fileRef = 3C1F6F7D299DF44800C326DE /* CounterUITestsLaunchTests.swift */; };
/* End PBXBuildFile section */

/* Begin PBXContainerItemProxy section */
		3C1F6F6E299DF44800C326DE /* PBXContainerItemProxy */ = {
			isa = PBXContainerItemProxy;
			containerPortal = 3C1F6F4F299DF44700C326DE /* Project object */;
			proxyType = 1;
			remoteGlobalIDString = 3C1F6F56299DF44700C326DE;
			remoteInfo = Counter;
		};
		3C1F6F78299DF44800C326DE /* PBXContainerItemProxy */ = {
			isa = PBXContainerItemProxy;
			containerPortal = 3C1F6F4F299DF44700C326DE /* Project object */;
			proxyType = 1;
			remoteGlobalIDString = 3C1F6F56299DF44700C326DE;
			remoteInfo = Counter;
		};
/* End PBXContainerItemProxy section */

/* Begin PBXFileReference section */
		3C1F6F57299DF44700C326DE /* Counter.app */ = {isa = PBXFileReference; explicitFileType = wrapper.application; includeInIndex = 0; path = Counter.app; sourceTree = BUILT_PRODUCTS_DIR; };
		3C1F6F5A299DF44700C326DE /* AppDelegate.swift */ = {isa = PBXFileReference; lastKnownFileType = sourcecode.swift; path = AppDelegate.swift; sourceTree = "<group>"; };
		3C1F6F5C299DF44700C326DE /* SceneDelegate.swift */ = {isa = PBXFileReference; lastKnownFileType = sourcecode.swift; path = SceneDelegate.swift; sourceTree = "<group>"; };
		3C1F6F5E299DF44700C326DE /* ViewController.swift */ = {isa = PBXFileReference; lastKnownFileType = sourcecode.swift; path = ViewController.swift; sourceTree = "<group>"; };
		3C1F6F61299DF44700C326DE /* Base */ = {isa = PBXFileReference; lastKnownFileType = file.storyboard; name = Base; path = Base.lproj/Main.storyboard; sourceTree = "<group>"; };
		3C1F6F63299DF44800C326DE /* Assets.xcassets */ = {isa = PBXFileReference; lastKnownFileType = folder.assetcatalog; path = Assets.xcassets; sourceTree = "<group>"; };
		3C1F6F66299DF44800C326DE /* Base */ = {isa = PBXFileReference; lastKnownFileType = file.storyboard; name = Base; path = Base.lproj/LaunchScreen.storyboard; sourceTree = "<group>"; };
		3C1F6F68299DF44800C326DE /* Info.plist */ = {isa = PBXFileReference; lastKnownFileType = text.plist.xml; path = Info.plist; sourceTree = "<group>"; };
		3C1F6F6D299DF44800C326DE /* CounterTests.xctest */ = {isa = PBXFileReference; explicitFileType = wrapper.cfbundle; includeInIndex = 0; path = CounterTests.xctest; sourceTree = BUILT_PRODUCTS_DIR; };
		3C1F6F71299DF44800C326DE /* CounterTests.swift */ = {isa = PBXFileReference; lastKnownFileType = sourcecode.swift; path = CounterTests.swift; sourceTree = "<group>"; };
		3C1F6F77299DF44800C326DE /* CounterUITests.xctest */ = {isa = PBXFileReference; explicitFileType = wrapper.cfbundle; includeInIndex = 0; path = CounterUITests.xctest; sourceTree = BUILT_PRODUCTS_DIR; };
		3C1F6F7B299DF44800C326DE /* CounterUITests.swift */ = {isa = PBXFileReference; lastKnownFileType = sourcecode.swift; path = CounterUITests.swift; sourceTree = "<group>"; };
		3C1F6F7D299DF44800C326DE /* CounterUITestsLaunchTests.swift */ = {isa = PBXFileReference; lastKnownFileType = sourcecode.swift; path = CounterUITestsLaunchTests.swift; sourceTree = "<group>"; };
/* End PBXFileReference section */

/* Begin PBXFrameworksBuildPhase section */
		3C1F6F54299DF44700C326DE /* Frameworks */ = {
			isa = PBXFrameworksBuildPhase;
			buildActionMask = 2147483647;
			files = (
			);
			runOnlyForDeploymentPostprocessing = 0;
		};
		3C1F6F6A299DF44800C326DE /* Frameworks */ = {
			isa = PBXFrameworksBuildPhase;
			buildActionMask = 2147483647;
			files = (
			);
			runOnlyForDeploymentPostprocessing = 0;
		};
		3C1F6F74299DF44800C326DE /* Frameworks */ = {
			isa = PBXFrameworksBuildPhase;
			buildActionMask = 2147483647;
			files = (
			);
			runOnlyForDeploymentPostprocessing = 0;
		};
/* End PBXFrameworksBuildPhase section */

/* Begin PBXGroup section */
		3C1F6F4E299DF44700C326DE = {
			isa = PBXGroup;
			children = (
				3C1F6F59299DF44700C326DE /* Counter */,
				3C1F6F70299DF44800C326DE /* CounterTests */,
				3C1F6F7A299DF44800C326DE /* CounterUITests */,
				3C1F6F58299DF44700C326DE /* Products */,
			);
			sourceTree = "<group>";
		};
		3C1F6F58299DF44700C326DE /* Products */ = {
			isa = PBXGroup;
			children = (
				3C1F6F57299DF44700C326DE /* Counter.app */,
				3C1F6F6D299DF44800C326DE /* CounterTests.xctest */,
				3C1F6F77299DF44800C326DE /* CounterUITests.xctest */,
			);
			name = Products;
			sourceTree = "<group>";
		};
		3C1F6F59299DF44700C326DE /* Counter */ = {
			isa = PBXGroup;
			children = (
				3C1F6F5A299DF44700C326DE /* AppDelegate.swift */,
				3C1F6F5C299DF44700C326DE /* SceneDelegate.swift */,
				3C1F6F5E299DF44700C326DE /* ViewController.swift */,
				3C1F6F60299DF44700C326DE /* Main.storyboard */,
				3C1F6F63299DF44800C326DE /* Assets.xcassets */,
				3C1F6F65299DF44800C326DE /* LaunchScreen.storyboard */,
				3C1F6F68299DF44800C326DE /* Info.plist */,
			);
			path = Counter;
			sourceTree = "<group>";
		};
		3C1F6F70299DF44800C326DE /* CounterTests */ = {
			isa = PBXGroup;
			children = (
				3C1F6F71299DF44800C326DE /* CounterTests.swift */,
			);
			path = CounterTests;
			sourceTree = "<group>";
		};
		3C1F6F7A299DF44800C326DE /* CounterUITests */ = {
			isa = PBXGroup;
			children = (
				3C1F6F7B299DF44800C326DE /* CounterUITests.swift */,
				3C1F6F7D299DF44800C326DE /* CounterUITestsLaunchTests.swift */,
			);
			path = CounterUITests;
			sourceTree = "<group>";
		};
/* End PBXGroup section */

/* Begin PBXNativeTarget section */
		3C1F6F56299DF44700C326DE /* Counter */ = {
			isa = PBXNativeTarget;
			buildConfigurationList = 3C1F6F81299DF44800C326DE /* Build configuration list for PBXNativeTarget "Counter" */;
			buildPhases = (
				3C1F6F53299DF44700C326DE /* Sources */,
				3C1F6F54299DF44700C326DE /* Frameworks */,
				3C1F6F55299DF44700C326DE /* Resources */,
			);
			buildRules = (
			);
			dependencies = (
			);
			name = Counter;
			productName = Counter;
			productReference = 3C1F6F57299DF44700C326DE /* Counter.app */;
			productType = "com.apple.product-type.application";
		};
		3C1F6F6C299DF44800C326DE /* CounterTests */ = {
			isa = PBXNativeTarget;
			buildConfigurationList = 3C1F6F84299DF44800C326DE /* Build configuration list for PBXNativeTarget "CounterTests" */;
			buildPhases = (
				3C1F6F69299DF44800C326DE /* Sources */,
				3C1F6F6A299DF44800C326DE /* Frameworks */,
				3C1F6F6B299DF44800C326DE /* Resources */,
			);
			buildRules = (
			);
			dependencies = (
				3C1F6F6F299DF44800C326DE /* PBXTargetDependency */,
			);
			name = CounterTests;
			productName = CounterTests;
			productReference = 3C1F6F6D299DF44800C326DE /* CounterTests.xctest */;
			productType = "com.apple.product-type.bundle.unit-test";
		};
		3C1F6F76299DF44800C326DE /* CounterUITests */ = {
			isa = PBXNativeTarget;
			buildConfigurationList = 3C1F6F87299DF44800C326DE /* Build configuration list for PBXNativeTarget "CounterUITests" */;
			buildPhases = (
				3C1F6F73299DF44800C326DE /* Sources */,
				3C1F6F74299DF44800C326DE /* Frameworks */,
				3C1F6F75299DF44800C326DE /* Resources */,
			);
			buildRules = (
			);
			dependencies = (
				3C1F6F79299DF44800C326DE /* PBXTargetDependency */,
			);
			name = CounterUITests;
			productName = CounterUITests;
			productReference = 3C1F6F77299DF44800C326DE /* CounterUITests.xctest */;
			productType = "com.apple.product-type.bundle.ui-testing";
		};
/* End PBXNativeTarget section */

/* Begin PBXProject section */
		3C1F6F4F299DF44700C326DE /* Project object */ = {
			isa = PBXProject;
			attributes = {
				BuildIndependentTargetsInParallel = 1;
				LastSwiftUpdateCheck = 1420;
				LastUpgradeCheck = 1420;
				TargetAttributes = {
					3C1F6F56299DF44700C326DE = {
						CreatedOnToolsVersion = 14.2;
					};
					3C1F6F6C299DF44800C326DE = {
						CreatedOnToolsVersion = 14.2;
						TestTargetID = 3C1F6F56299DF44700C326DE;
					};
					3C1F6F76299DF44800C326DE = {
						CreatedOnToolsVersion = 14.2;
						TestTargetID = 3C1F6F56299DF44700C326DE;
					};
				};
			};
			buildConfigurationList = 3C1F6F52299DF44700C326DE /* Build configuration list for PBXProject "Counter" */;
			compatibilityVersion = "Xcode 14.0";
			developmentRegion = en;
			hasScannedForEncodings = 0;
			knownRegions = (
				en,
				Base,
			);
			mainGroup = 3C1F6F4E299DF44700C326DE;
			productRefGroup = 3C1F6F58299DF44700C326DE /* Products */;
			projectDirPath = "";
			projectRoot = "";
			targets = (
				3C1F6F56299DF44700C326DE /* Counter */,
				3C1F6F6C299DF44800C326DE /* CounterTests */,
				3C1F6F76299DF44800C326DE /* CounterUITests */,
			);
		};
/* End PBXProject section */

/* Begin PBXResourcesBuildPhase section */
		3C1F6F55299DF44700C326DE /* Resources */ = {
			isa = PBXResourcesBuildPhase;
			buildActionMask = 2147483647;
			files = (
				3C1F6F67299DF44800C326DE /* LaunchScreen.storyboard in Resources */,
				3C1F6F64299DF44800C326DE /* Assets.xcassets in Resources */,
				3C1F6F62299DF44700C326DE /* Main.storyboard in Resources */,
			);
			runOnlyForDeploymentPostprocessing = 0;
		};
		3C1F6F6B299DF44800C326DE /* Resources */ = {
			isa = PBXResourcesBuildPhase;
			buildActionMask = 2147483647;
			files = (
			);
			runOnlyForDeploymentPostprocessing = 0;
		};
		3C1F6F75299DF44800C326DE /* Resources */ = {
			isa = PBXResourcesBuildPhase;
			buildActionMask = 2147483647;
			files = (
			);
			runOnlyForDeploymentPostprocessing = 0;
		};
/* End PBXResourcesBuildPhase section */

/* Begin PBXSourcesBuildPhase section */
		3C1F6F53299DF44700C326DE /* Sources */ = {
			isa = PBXSourcesBuildPhase;
			buildActionMask = 2147483647;
			files = (
				3C1F6F5F299DF44700C326DE /* ViewController.swift in Sources */,
				3C1F6F5B299DF44700C326DE /* AppDelegate.swift in Sources */,
				3C1F6F5D299DF44700C326DE /* SceneDelegate.swift in Sources */,
			);
			runOnlyForDeploymentPostprocessing = 0;
		};
		3C1F6F69299DF44800C326DE /* Sources */ = {
			isa = PBXSourcesBuildPhase;
			buildActionMask = 2147483647;
			files = (
				3C1F6F72299DF44800C326DE /* CounterTests.swift in Sources */,
			);
			runOnlyForDeploymentPostprocessing = 0;
		};
		3C1F6F73299DF44800C326DE /* Sources */ = {
			isa = PBXSourcesBuildPhase;
			buildActionMask = 2147483647;
			files = (
				3C1F6F7C299DF44800C326DE /* CounterUITests.swift in Sources */,
				3C1F6F7E299DF44800C326DE /* CounterUITestsLaunchTests.swift in Sources */,
			);
			runOnlyForDeploymentPostprocessing = 0;
		};
/* End PBXSourcesBuildPhase section */

/* Begin PBXTargetDependency section */
		3C1F6F6F299DF44800C326DE /* PBXTargetDependency */ = {
			isa = PBXTargetDependency;
			target = 3C1F6F56299DF44700C326DE /* Counter */;
			targetProxy = 3C1F6F6E299DF44800C326DE /* PBXContainerItemProxy */;
		};
		3C1F6F79299DF44800C326DE /* PBXTargetDependency */ = {
			isa = PBXTargetDependency;
			target = 3C1F6F56299DF44700C326DE /* Counter */;
			targetProxy = 3C1F6F78299DF44800C326DE /* PBXContainerItemProxy */;
		};
/* End PBXTargetDependency section */

/* Begin PBXVariantGroup section */
		3C1F6F60299DF44700C326DE /* Main.storyboard */ = {
			isa = PBXVariantGroup;
			children = (
				3C1F6F61299DF44700C326DE /* Base */,
			);
			name = Main.storyboard;
			sourceTree = "<group>";
		};
		3C1F6F65299DF44800C326DE /* LaunchScreen.storyboard */ = {
			isa = PBXVariantGroup;
			children = (
				3C1F6F66299DF44800C326DE /* Base */,
			);
			name = LaunchScreen.storyboard;
			sourceTree = "<group>";
		};
/* End PBXVariantGroup section */

/* Begin XCBuildConfiguration section */
		3C1F6F7F299DF44800C326DE /* Debug */ = {
			isa = XCBuildConfiguration;
			buildSettings = {
				ALWAYS_SEARCH_USER_PATHS = NO;
				CLANG_ANALYZER_NONNULL = YES;
				CLANG_ANALYZER_NUMBER_OBJECT_CONVERSION = YES_AGGRESSIVE;
				CLANG_CXX_LANGUAGE_STANDARD = "gnu++20";
				CLANG_ENABLE_MODULES = YES;
				CLANG_ENABLE_OBJC_ARC = YES;
				CLANG_ENABLE_OBJC_WEAK = YES;
				CLANG_WARN_BLOCK_CAPTURE_AUTORELEASING = YES;
				CLANG_WARN_BOOL_CONVERSION = YES;
				CLANG_WARN_COMMA = YES;
				CLANG_WARN_CONSTANT_CONVERSION = YES;
				CLANG_WARN_DEPRECATED_OBJC_IMPLEMENTATIONS = YES;
				CLANG_WARN_DIRECT_OBJC_ISA_USAGE = YES_ERROR;
				CLANG_WARN_DOCUMENTATION_COMMENTS = YES;
				CLANG_WARN_EMPTY_BODY = YES;
				CLANG_WARN_ENUM_CONVERSION = YES;
				CLANG_WARN_INFINITE_RECURSION = YES;
				CLANG_WARN_INT_CONVERSION = YES;
				CLANG_WARN_NON_LITERAL_NULL_CONVERSION = YES;
				CLANG_WARN_OBJC_IMPLICIT_RETAIN_SELF = YES;
				CLANG_WARN_OBJC_LITERAL_CONVERSION = YES;
				CLANG_WARN_OBJC_ROOT_CLASS = YES_ERROR;
				CLANG_WARN_QUOTED_INCLUDE_IN_FRAMEWORK_HEADER = YES;
				CLANG_WARN_RANGE_LOOP_ANALYSIS = YES;
				CLANG_WARN_STRICT_PROTOTYPES = YES;
				CLANG_WARN_SUSPICIOUS_MOVE = YES;
				CLANG_WARN_UNGUARDED_AVAILABILITY = YES_AGGRESSIVE;
				CLANG_WARN_UNREACHABLE_CODE = YES;
				CLANG_WARN__DUPLICATE_METHOD_MATCH = YES;
				COPY_PHASE_STRIP = NO;
				DEBUG_INFORMATION_FORMAT = dwarf;
				ENABLE_STRICT_OBJC_MSGSEND = YES;
				ENABLE_TESTABILITY = YES;
				GCC_C_LANGUAGE_STANDARD = gnu11;
				GCC_DYNAMIC_NO_PIC = NO;
				GCC_NO_COMMON_BLOCKS = YES;
				GCC_OPTIMIZATION_LEVEL = 0;
				GCC_PREPROCESSOR_DEFINITIONS = (
					"DEBUG=1",
					"$(inherited)",
				);
				GCC_WARN_64_TO_32_BIT_CONVERSION = YES;
				GCC_WARN_ABOUT_RETURN_TYPE = YES_ERROR;
				GCC_WARN_UNDECLARED_SELECTOR = YES;
				GCC_WARN_UNINITIALIZED_AUTOS = YES_AGGRESSIVE;
				GCC_WARN_UNUSED_FUNCTION = YES;
				GCC_WARN_UNUSED_VARIABLE = YES;
				IPHONEOS_DEPLOYMENT_TARGET = 16.2;
				MTL_ENABLE_DEBUG_INFO = INCLUDE_SOURCE;
				MTL_FAST_MATH = YES;
				ONLY_ACTIVE_ARCH = YES;
				SDKROOT = iphoneos;
				SWIFT_ACTIVE_COMPILATION_CONDITIONS = DEBUG;
				SWIFT_OPTIMIZATION_LEVEL = "-Onone";
			};
			name = Debug;
		};
		3C1F6F80299DF44800C326DE /* Release */ = {
			isa = XCBuildConfiguration;
			buildSettings = {
				ALWAYS_SEARCH_USER_PATHS = NO;
				CLANG_ANALYZER_NONNULL = YES;
				CLANG_ANALYZER_NUMBER_OBJECT_CONVERSION = YES_AGGRESSIVE;
				CLANG_CXX_LANGUAGE_STANDARD = "gnu++20";
				CLANG_ENABLE_MODULES = YES;
				CLANG_ENABLE_OBJC_ARC = YES;
				CLANG_ENABLE_OBJC_WEAK = YES;
				CLANG_WARN_BLOCK_CAPTURE_AUTORELEASING = YES;
				CLANG_WARN_BOOL_CONVERSION = YES;
				CLANG_WARN_COMMA = YES;
				CLANG_WARN_CONSTANT_CONVERSION = YES;
				CLANG_WARN_DEPRECATED_OBJC_IMPLEMENTATIONS = YES;
				CLANG_WARN_DIRECT_OBJC_ISA_USAGE = YES_ERROR;
				CLANG_WARN_DOCUMENTATION_COMMENTS = YES;
				CLANG_WARN_EMPTY_BODY = YES;
				CLANG_WARN_ENUM_CONVERSION = YES;
				CLANG_WARN_INFINITE_RECURSION = YES;
				CLANG_WARN_INT_CONVERSION = YES;
				CLANG_WARN_NON_LITERAL_NULL_CONVERSION = YES;
				CLANG_WARN_OBJC_IMPLICIT_RETAIN_SELF = YES;
				CLANG_WARN_OBJC_LITERAL_CONVERSION = YES;
				CLANG_WARN_OBJC_ROOT_CLASS = YES_ERROR;
				CLANG_WARN_QUOTED_INCLUDE_IN_FRAMEWORK_HEADER = YES;
				CLANG_WARN_RANGE_LOOP_ANALYSIS = YES;
				CLANG_WARN_STRICT_PROTOTYPES = YES;
				CLANG_WARN_SUSPICIOUS_MOVE = YES;
				CLANG_WARN_UNGUARDED_AVAILABILITY = YES_AGGRESSIVE;
				CLANG_WARN_UNREACHABLE_CODE = YES;
				CLANG_WARN__DUPLICATE_METHOD_MATCH = YES;
				COPY_PHASE_STRIP = NO;
				DEBUG_INFORMATION_FORMAT = "dwarf-with-dsym";
				ENABLE_NS_ASSERTIONS = NO;
				ENABLE_STRICT_OBJC_MSGSEND = YES;
				GCC_C_LANGUAGE_STANDARD = gnu11;
				GCC_NO_COMMON_BLOCKS = YES;
				GCC_WARN_64_TO_32_BIT_CONVERSION = YES;
				GCC_WARN_ABOUT_RETURN_TYPE = YES_ERROR;
				GCC_WARN_UNDECLARED_SELECTOR = YES;
				GCC_WARN_UNINITIALIZED_AUTOS = YES_AGGRESSIVE;
				GCC_WARN_UNUSED_FUNCTION = YES;
				GCC_WARN_UNUSED_VARIABLE = YES;
				IPHONEOS_DEPLOYMENT_TARGET = 16.2;
				MTL_ENABLE_DEBUG_INFO = NO;
				MTL_FAST_MATH = YES;
				SDKROOT = iphoneos;
				SWIFT_COMPILATION_MODE = wholemodule;
				SWIFT_OPTIMIZATION_LEVEL = "-O";
				VALIDATE_PRODUCT = YES;
			};
			name = Release;
		};
		3C1F6F82299DF44800C326DE /* Debug */ = {
			isa = XCBuildConfiguration;
			buildSettings = {
				ASSETCATALOG_COMPILER_APPICON_NAME = AppIcon;
				ASSETCATALOG_COMPILER_GLOBAL_ACCENT_COLOR_NAME = AccentColor;
				CODE_SIGN_STYLE = Automatic;
				CURRENT_PROJECT_VERSION = 1;
				DEVELOPMENT_TEAM = P585F5SRY2;
				GENERATE_INFOPLIST_FILE = YES;
				INFOPLIST_FILE = Counter/Info.plist;
				INFOPLIST_KEY_UIApplicationSupportsIndirectInputEvents = YES;
				INFOPLIST_KEY_UILaunchStoryboardName = LaunchScreen;
				INFOPLIST_KEY_UIMainStoryboardFile = Main;
				INFOPLIST_KEY_UISupportedInterfaceOrientations_iPad = "UIInterfaceOrientationPortrait UIInterfaceOrientationPortraitUpsideDown UIInterfaceOrientationLandscapeLeft UIInterfaceOrientationLandscapeRight";
				INFOPLIST_KEY_UISupportedInterfaceOrientations_iPhone = "UIInterfaceOrientationPortrait UIInterfaceOrientationLandscapeLeft UIInterfaceOrientationLandscapeRight";
				LD_RUNPATH_SEARCH_PATHS = (
					"$(inherited)",
					"@executable_path/Frameworks",
				);
				MARKETING_VERSION = 1.0;
				PRODUCT_BUNDLE_IDENTIFIER = test.Counter;
				PRODUCT_NAME = "$(TARGET_NAME)";
				SWIFT_EMIT_LOC_STRINGS = YES;
				SWIFT_VERSION = 5.0;
				TARGETED_DEVICE_FAMILY = "1,2";
			};
			name = Debug;
		};
		3C1F6F83299DF44800C326DE /* Release */ = {
			isa = XCBuildConfiguration;
			buildSettings = {
				ASSETCATALOG_COMPILER_APPICON_NAME = AppIcon;
				ASSETCATALOG_COMPILER_GLOBAL_ACCENT_COLOR_NAME = AccentColor;
				CODE_SIGN_STYLE = Automatic;
				CURRENT_PROJECT_VERSION = 1;
				DEVELOPMENT_TEAM = P585F5SRY2;
				GENERATE_INFOPLIST_FILE = YES;
				INFOPLIST_FILE = Counter/Info.plist;
				INFOPLIST_KEY_UIApplicationSupportsIndirectInputEvents = YES;
				INFOPLIST_KEY_UILaunchStoryboardName = LaunchScreen;
				INFOPLIST_KEY_UIMainStoryboardFile = Main;
				INFOPLIST_KEY_UISupportedInterfaceOrientations_iPad = "UIInterfaceOrientationPortrait UIInterfaceOrientationPortraitUpsideDown UIInterfaceOrientationLandscapeLeft UIInterfaceOrientationLandscapeRight";
				INFOPLIST_KEY_UISupportedInterfaceOrientations_iPhone = "UIInterfaceOrientationPortrait UIInterfaceOrientationLandscapeLeft UIInterfaceOrientationLandscapeRight";
				LD_RUNPATH_SEARCH_PATHS = (
					"$(inherited)",
					"@executable_path/Frameworks",
				);
				MARKETING_VERSION = 1.0;
				PRODUCT_BUNDLE_IDENTIFIER = test.Counter;
				PRODUCT_NAME = "$(TARGET_NAME)";
				SWIFT_EMIT_LOC_STRINGS = YES;
				SWIFT_VERSION = 5.0;
				TARGETED_DEVICE_FAMILY = "1,2";
			};
			name = Release;
		};
		3C1F6F85299DF44800C326DE /* Debug */ = {
			isa = XCBuildConfiguration;
			buildSettings = {
				ALWAYS_EMBED_SWIFT_STANDARD_LIBRARIES = YES;
				BUNDLE_LOADER = "$(TEST_HOST)";
				CODE_SIGN_STYLE = Automatic;
				CURRENT_PROJECT_VERSION = 1;
				GENERATE_INFOPLIST_FILE = YES;
				IPHONEOS_DEPLOYMENT_TARGET = 16.2;
				MARKETING_VERSION = 1.0;
				PRODUCT_BUNDLE_IDENTIFIER = test.CounterTests;
				PRODUCT_NAME = "$(TARGET_NAME)";
				SWIFT_EMIT_LOC_STRINGS = NO;
				SWIFT_VERSION = 5.0;
				TARGETED_DEVICE_FAMILY = "1,2";
				TEST_HOST = "$(BUILT_PRODUCTS_DIR)/Counter.app/$(BUNDLE_EXECUTABLE_FOLDER_PATH)/Counter";
			};
			name = Debug;
		};
		3C1F6F86299DF44800C326DE /* Release */ = {
			isa = XCBuildConfiguration;
			buildSettings = {
				ALWAYS_EMBED_SWIFT_STANDARD_LIBRARIES = YES;
				BUNDLE_LOADER = "$(TEST_HOST)";
				CODE_SIGN_STYLE = Automatic;
				CURRENT_PROJECT_VERSION = 1;
				GENERATE_INFOPLIST_FILE = YES;
				IPHONEOS_DEPLOYMENT_TARGET = 16.2;
				MARKETING_VERSION = 1.0;
				PRODUCT_BUNDLE_IDENTIFIER = test.CounterTests;
				PRODUCT_NAME = "$(TARGET_NAME)";
				SWIFT_EMIT_LOC_STRINGS = NO;
				SWIFT_VERSION = 5.0;
				TARGETED_DEVICE_FAMILY = "1,2";
				TEST_HOST = "$(BUILT_PRODUCTS_DIR)/Counter.app/$(BUNDLE_EXECUTABLE_FOLDER_PATH)/Counter";
			};
			name = Release;
		};
		3C1F6F88299DF44800C326DE /* Debug */ = {
			isa = XCBuildConfiguration;
			buildSettings = {
				ALWAYS_EMBED_SWIFT_STANDARD_LIBRARIES = YES;
				CODE_SIGN_STYLE = Automatic;
				CURRENT_PROJECT_VERSION = 1;
				GENERATE_INFOPLIST_FILE = YES;
				MARKETING_VERSION = 1.0;
				PRODUCT_BUNDLE_IDENTIFIER = test.CounterUITests;
				PRODUCT_NAME = "$(TARGET_NAME)";
				SWIFT_EMIT_LOC_STRINGS = NO;
				SWIFT_VERSION = 5.0;
				TARGETED_DEVICE_FAMILY = "1,2";
				TEST_TARGET_NAME = Counter;
			};
			name = Debug;
		};
		3C1F6F89299DF44800C326DE /* Release */ = {
			isa = XCBuildConfiguration;
			buildSettings = {
				ALWAYS_EMBED_SWIFT_STANDARD_LIBRARIES = YES;
				CODE_SIGN_STYLE = Automatic;
				CURRENT_PROJECT_VERSION = 1;
				GENERATE_INFOPLIST_FILE = YES;
				MARKETING_VERSION = 1.0;
				PRODUCT_BUNDLE_IDENTIFIER = test.CounterUITests;
				PRODUCT_NAME = "$(TARGET_NAME)";
				SWIFT_EMIT_LOC_STRINGS = NO;
				SWIFT_VERSION = 5.0;
				TARGETED_DEVICE_FAMILY = "1,2";
				TEST_TARGET_NAME = Counter;
			};
			name = Release;
		};
/* End XCBuildConfiguration section */

/* Begin XCConfigurationList section */
		3C1F6F52299DF44700C326DE /* Build configuration list for PBXProject "Counter" */ = {
			isa = XCConfigurationList;
			buildConfigurations = (
				3C1F6F7F299DF44800C326DE /* Debug */,
				3C1F6F80299DF44800C326DE /* Release */,
			);
			defaultConfigurationIsVisible = 0;
			defaultConfigurationName = Release;
		};
		3C1F6F81299DF44800C326DE /* Build configuration list for PBXNativeTarget "Counter" */ = {
			isa = XCConfigurationList;
			buildConfigurations = (
				3C1F6F82299DF44800C326DE /* Debug */,
				3C1F6F83299DF44800C326DE /* Release */,
			);
			defaultConfigurationIsVisible = 0;
			defaultConfigurationName = Release;
		};
		3C1F6F84299DF44800C326DE /* Build configuration list for PBXNativeTarget "CounterTests" */ = {
			isa = XCConfigurationList;
			buildConfigurations = (
				3C1F6F85299DF44800C326DE /* Debug */,
				3C1F6F86299DF44800C326DE /* Release */,
			);
			defaultConfigurationIsVisible = 0;
			defaultConfigurationName = Release;
		};
		3C1F6F87299DF44800C326DE /* Build configuration list for PBXNativeTarget "CounterUITests" */ = {
			isa = XCConfigurationList;
			buildConfigurations = (
				3C1F6F88299DF44800C326DE /* Debug */,
				3C1F6F89299DF44800C326DE /* Release */,
			);
			defaultConfigurationIsVisible = 0;
			defaultConfigurationName = Release;
		};
/* End XCConfigurationList section */
	};
	rootObject = 3C1F6F4F299DF44700C326DE /* Project object */;
}
